
Microsoft Visual Studio Solution File, Format Version 12.00
# Visual Studio Version 17
VisualStudioVersion = 17.4.33110.190
MinimumVisualStudioVersion = 10.0.40219.1
Project("{FAE04EC0-301F-11D3-BF4B-00C04F79EFBC}") = "DataStructuresHashtable", "DataStructuresHashtable\DataStructuresHashtable.csproj", "{D2D945BF-96B5-44B2-A21E-53EEAFAFE93E}"
EndProject
Global
	GlobalSection(SolutionConfigurationPlatforms) = preSolution
		Debug|Any CPU = Debug|Any CPU
		Release|Any CPU = Release|Any CPU
	EndGlobalSection
	GlobalSection(ProjectConfigurationPlatforms) = postSolution
		{D2D945BF-96B5-44B2-A21E-53EEAFAFE93E}.Debug|Any CPU.ActiveCfg = Debug|Any CPU
		{D2D945BF-96B5-44B2-A21E-53EEAFAFE93E}.Debug|Any CPU.Build.0 = Debug|Any CPU
		{D2D945BF-96B5-44B2-A21E-53EEAFAFE93E}.Release|Any CPU.ActiveCfg = Release|Any CPU
		{D2D945BF-96B5-44B2-A21E-53EEAFAFE93E}.Release|Any CPU.Build.0 = Release|Any CPU
	EndGlobalSection
	GlobalSection(SolutionProperties) = preSolution
		HideSolutionNode = FALSE
	EndGlobalSection
	GlobalSection(ExtensibilityGlobals) = postSolution
		SolutionGuid = {B19AC58E-9D8B-44EF-BB4D-B801C9609636}
	EndGlobalSection
EndGlobal
